
Microsoft Visual Studio Solution File, Format Version 12.00
# Visual Studio Version 17
VisualStudioVersion = 17.10.35027.167
MinimumVisualStudioVersion = 10.0.40219.1
Project("{FAE04EC0-301F-11D3-BF4B-00C04F79EFBC}") = "weather monitoring", "weather monitoring\weather monitoring.csproj", "{624EAA52-0BBF-44A0-B0AC-F72C0E630309}"
EndProject
Global
	GlobalSection(SolutionConfigurationPlatforms) = preSolution
		Debug|Any CPU = Debug|Any CPU
		Release|Any CPU = Release|Any CPU
	EndGlobalSection
	GlobalSection(ProjectConfigurationPlatforms) = postSolution
		{624EAA52-0BBF-44A0-B0AC-F72C0E630309}.Debug|Any CPU.ActiveCfg = Debug|Any CPU
		{624EAA52-0BBF-44A0-B0AC-F72C0E630309}.Debug|Any CPU.Build.0 = Debug|Any CPU
		{624EAA52-0BBF-44A0-B0AC-F72C0E630309}.Release|Any CPU.ActiveCfg = Release|Any CPU
		{624EAA52-0BBF-44A0-B0AC-F72C0E630309}.Release|Any CPU.Build.0 = Release|Any CPU
	EndGlobalSection
	GlobalSection(SolutionProperties) = preSolution
		HideSolutionNode = FALSE
	EndGlobalSection
	GlobalSection(ExtensibilityGlobals) = postSolution
		SolutionGuid = {C8E2444D-D48A-4CE6-96FD-43CBF2D93B8B}
	EndGlobalSection
EndGlobal
